// !$*UTF8*$!
{
	archiveVersion = 1;
	classes = {
	};
	objectVersion = 55;
	objects = {

/* Begin PBXBuildFile section */
		829A0E0C2893EF06006220BF /* MetaMaskMain.swift in Sources */ = {isa = PBXBuildFile; fileRef = 829A0E0B2893EF06006220BF /* MetaMaskMain.swift */; };
		829A0E102893EF0B006220BF /* Assets.xcassets in Resources */ = {isa = PBXBuildFile; fileRef = 829A0E0F2893EF0B006220BF /* Assets.xcassets */; };
		829A0E132893EF0B006220BF /* Preview Assets.xcassets in Resources */ = {isa = PBXBuildFile; fileRef = 829A0E122893EF0B006220BF /* Preview Assets.xcassets */; };
		829A0E1D2893EF0B006220BF /* MetaMaskAppTests.swift in Sources */ = {isa = PBXBuildFile; fileRef = 829A0E1C2893EF0B006220BF /* MetaMaskAppTests.swift */; };
		829A0E272893EF0B006220BF /* MetaMaskAppUITests.swift in Sources */ = {isa = PBXBuildFile; fileRef = 829A0E262893EF0B006220BF /* MetaMaskAppUITests.swift */; };
		829A0E292893EF0B006220BF /* MetaMaskAppUITestsLaunchTests.swift in Sources */ = {isa = PBXBuildFile; fileRef = 829A0E282893EF0B006220BF /* MetaMaskAppUITestsLaunchTests.swift */; };
		829A0E3A2893F25B006220BF /* MMDefine.swift in Sources */ = {isa = PBXBuildFile; fileRef = 829A0E392893F25B006220BF /* MMDefine.swift */; };
		829A0E3E2893F36B006220BF /* MMNFTProvider.swift in Sources */ = {isa = PBXBuildFile; fileRef = 829A0E3D2893F36B006220BF /* MMNFTProvider.swift */; };
		829A0E522893F61B006220BF /* MMHomeView.swift in Sources */ = {isa = PBXBuildFile; fileRef = 829A0E512893F61B006220BF /* MMHomeView.swift */; };
		829A0E542893F725006220BF /* MMTokenProvider.swift in Sources */ = {isa = PBXBuildFile; fileRef = 829A0E532893F725006220BF /* MMTokenProvider.swift */; };
		829A0E56289415CB006220BF /* MMHomeHeaderView.swift in Sources */ = {isa = PBXBuildFile; fileRef = 829A0E55289415CB006220BF /* MMHomeHeaderView.swift */; };
		829A0E5A28944383006220BF /* MMDataMockProvider.swift in Sources */ = {isa = PBXBuildFile; fileRef = 829A0E5928944383006220BF /* MMDataMockProvider.swift */; };
		829A0E5C28945244006220BF /* MMHomeTabContainerView.swift in Sources */ = {isa = PBXBuildFile; fileRef = 829A0E5B28945244006220BF /* MMHomeTabContainerView.swift */; };
		829A0E5E28945373006220BF /* MMHomeAction.swift in Sources */ = {isa = PBXBuildFile; fileRef = 829A0E5D28945373006220BF /* MMHomeAction.swift */; };
		829A0E622894555F006220BF /* MMActionHelper.swift in Sources */ = {isa = PBXBuildFile; fileRef = 829A0E612894555F006220BF /* MMActionHelper.swift */; };
		829A0E642894579F006220BF /* MMHomeTokenListView.swift in Sources */ = {isa = PBXBuildFile; fileRef = 829A0E632894579F006220BF /* MMHomeTokenListView.swift */; };
		829A0E66289457AB006220BF /* MMHomeNFTListView.swift in Sources */ = {isa = PBXBuildFile; fileRef = 829A0E65289457AB006220BF /* MMHomeNFTListView.swift */; };
		829A0E6C28945EB9006220BF /* MMHomeTabModel.swift in Sources */ = {isa = PBXBuildFile; fileRef = 829A0E6B28945EB9006220BF /* MMHomeTabModel.swift */; };
		829A0E6E28946BC0006220BF /* MMHomeTabEnvironment.swift in Sources */ = {isa = PBXBuildFile; fileRef = 829A0E6D28946BC0006220BF /* MMHomeTabEnvironment.swift */; };
		829A0E712895026A006220BF /* MMTokenModel.swift in Sources */ = {isa = PBXBuildFile; fileRef = 829A0E702895026A006220BF /* MMTokenModel.swift */; };
		829A0E7328950271006220BF /* MMNFTModel.swift in Sources */ = {isa = PBXBuildFile; fileRef = 829A0E7228950271006220BF /* MMNFTModel.swift */; };
		829A0E75289502A8006220BF /* MMUserModel.swift in Sources */ = {isa = PBXBuildFile; fileRef = 829A0E74289502A8006220BF /* MMUserModel.swift */; };
		829A0E7728950DE6006220BF /* MMTokenCell.swift in Sources */ = {isa = PBXBuildFile; fileRef = 829A0E7628950DE6006220BF /* MMTokenCell.swift */; };
		829A0E792895116D006220BF /* MMNFTCell.swift in Sources */ = {isa = PBXBuildFile; fileRef = 829A0E782895116D006220BF /* MMNFTCell.swift */; };
		829A0E7C28951416006220BF /* NFTMock.json in Resources */ = {isa = PBXBuildFile; fileRef = 829A0E7B28951416006220BF /* NFTMock.json */; };
		829A0E8E289527A0006220BF /* MMTokenDetailView.swift in Sources */ = {isa = PBXBuildFile; fileRef = 829A0E8D289527A0006220BF /* MMTokenDetailView.swift */; };
		829A0E9028952F3B006220BF /* MMTokenDetailHeaderView.swift in Sources */ = {isa = PBXBuildFile; fileRef = 829A0E8F28952F3B006220BF /* MMTokenDetailHeaderView.swift */; };
		829A0E922895311D006220BF /* MMScanView.swift in Sources */ = {isa = PBXBuildFile; fileRef = 829A0E912895311D006220BF /* MMScanView.swift */; };
		829A0E9428954148006220BF /* MMCameraPreview.swift in Sources */ = {isa = PBXBuildFile; fileRef = 829A0E9328954148006220BF /* MMCameraPreview.swift */; };
		829A0E962895588E006220BF /* MMTokenEnvironment.swift in Sources */ = {isa = PBXBuildFile; fileRef = 829A0E952895588E006220BF /* MMTokenEnvironment.swift */; };
		829A0E982895589A006220BF /* MMNFTEnvironment.swift in Sources */ = {isa = PBXBuildFile; fileRef = 829A0E972895589A006220BF /* MMNFTEnvironment.swift */; };
		829A0E9A28956C6F006220BF /* MMSidecarView.swift in Sources */ = {isa = PBXBuildFile; fileRef = 829A0E9928956C6E006220BF /* MMSidecarView.swift */; };
		829A0E9C289595A2006220BF /* MMSidecarHeaderView.swift in Sources */ = {isa = PBXBuildFile; fileRef = 829A0E9B289595A2006220BF /* MMSidecarHeaderView.swift */; };
		829A0E9E28959899006220BF /* MMSidecarActionGroup.swift in Sources */ = {isa = PBXBuildFile; fileRef = 829A0E9D28959899006220BF /* MMSidecarActionGroup.swift */; };
		829A0EA0289598B3006220BF /* MMSidecarNavigationList.swift in Sources */ = {isa = PBXBuildFile; fileRef = 829A0E9F289598B3006220BF /* MMSidecarNavigationList.swift */; };
		829A0EA62895AC0A006220BF /* UINavigationController+MetaMask.swift in Sources */ = {isa = PBXBuildFile; fileRef = 829A0EA52895AC0A006220BF /* UINavigationController+MetaMask.swift */; };
/* End PBXBuildFile section */

/* Begin PBXContainerItemProxy section */
		829A0E192893EF0B006220BF /* PBXContainerItemProxy */ = {
			isa = PBXContainerItemProxy;
			containerPortal = 829A0E002893EF06006220BF /* Project object */;
			proxyType = 1;
			remoteGlobalIDString = 829A0E072893EF06006220BF;
			remoteInfo = MetaMaskApp;
		};
		829A0E232893EF0B006220BF /* PBXContainerItemProxy */ = {
			isa = PBXContainerItemProxy;
			containerPortal = 829A0E002893EF06006220BF /* Project object */;
			proxyType = 1;
			remoteGlobalIDString = 829A0E072893EF06006220BF;
			remoteInfo = MetaMaskApp;
		};
/* End PBXContainerItemProxy section */

/* Begin PBXFileReference section */
		829A0E082893EF06006220BF /* MetaMaskApp.app */ = {isa = PBXFileReference; explicitFileType = wrapper.application; includeInIndex = 0; path = MetaMaskApp.app; sourceTree = BUILT_PRODUCTS_DIR; };
		829A0E0B2893EF06006220BF /* MetaMaskMain.swift */ = {isa = PBXFileReference; lastKnownFileType = sourcecode.swift; path = MetaMaskMain.swift; sourceTree = "<group>"; };
		829A0E0F2893EF0B006220BF /* Assets.xcassets */ = {isa = PBXFileReference; lastKnownFileType = folder.assetcatalog; path = Assets.xcassets; sourceTree = "<group>"; };
		829A0E122893EF0B006220BF /* Preview Assets.xcassets */ = {isa = PBXFileReference; lastKnownFileType = folder.assetcatalog; path = "Preview Assets.xcassets"; sourceTree = "<group>"; };
		829A0E182893EF0B006220BF /* MetaMaskAppTests.xctest */ = {isa = PBXFileReference; explicitFileType = wrapper.cfbundle; includeInIndex = 0; path = MetaMaskAppTests.xctest; sourceTree = BUILT_PRODUCTS_DIR; };
		829A0E1C2893EF0B006220BF /* MetaMaskAppTests.swift */ = {isa = PBXFileReference; lastKnownFileType = sourcecode.swift; path = MetaMaskAppTests.swift; sourceTree = "<group>"; };
		829A0E222893EF0B006220BF /* MetaMaskAppUITests.xctest */ = {isa = PBXFileReference; explicitFileType = wrapper.cfbundle; includeInIndex = 0; path = MetaMaskAppUITests.xctest; sourceTree = BUILT_PRODUCTS_DIR; };
		829A0E262893EF0B006220BF /* MetaMaskAppUITests.swift */ = {isa = PBXFileReference; lastKnownFileType = sourcecode.swift; path = MetaMaskAppUITests.swift; sourceTree = "<group>"; };
		829A0E282893EF0B006220BF /* MetaMaskAppUITestsLaunchTests.swift */ = {isa = PBXFileReference; lastKnownFileType = sourcecode.swift; path = MetaMaskAppUITestsLaunchTests.swift; sourceTree = "<group>"; };
		829A0E392893F25B006220BF /* MMDefine.swift */ = {isa = PBXFileReference; lastKnownFileType = sourcecode.swift; path = MMDefine.swift; sourceTree = "<group>"; };
		829A0E3D2893F36B006220BF /* MMNFTProvider.swift */ = {isa = PBXFileReference; lastKnownFileType = sourcecode.swift; path = MMNFTProvider.swift; sourceTree = "<group>"; };
		829A0E512893F61B006220BF /* MMHomeView.swift */ = {isa = PBXFileReference; lastKnownFileType = sourcecode.swift; path = MMHomeView.swift; sourceTree = "<group>"; };
		829A0E532893F725006220BF /* MMTokenProvider.swift */ = {isa = PBXFileReference; fileEncoding = 4; lastKnownFileType = sourcecode.swift; path = MMTokenProvider.swift; sourceTree = "<group>"; };
		829A0E55289415CB006220BF /* MMHomeHeaderView.swift */ = {isa = PBXFileReference; lastKnownFileType = sourcecode.swift; path = MMHomeHeaderView.swift; sourceTree = "<group>"; };
		829A0E5928944383006220BF /* MMDataMockProvider.swift */ = {isa = PBXFileReference; lastKnownFileType = sourcecode.swift; path = MMDataMockProvider.swift; sourceTree = "<group>"; };
		829A0E5B28945244006220BF /* MMHomeTabContainerView.swift */ = {isa = PBXFileReference; lastKnownFileType = sourcecode.swift; path = MMHomeTabContainerView.swift; sourceTree = "<group>"; };
		829A0E5D28945373006220BF /* MMHomeAction.swift */ = {isa = PBXFileReference; lastKnownFileType = sourcecode.swift; path = MMHomeAction.swift; sourceTree = "<group>"; };
		829A0E612894555F006220BF /* MMActionHelper.swift */ = {isa = PBXFileReference; lastKnownFileType = sourcecode.swift; path = MMActionHelper.swift; sourceTree = "<group>"; };
		829A0E632894579F006220BF /* MMHomeTokenListView.swift */ = {isa = PBXFileReference; lastKnownFileType = sourcecode.swift; path = MMHomeTokenListView.swift; sourceTree = "<group>"; };
		829A0E65289457AB006220BF /* MMHomeNFTListView.swift */ = {isa = PBXFileReference; lastKnownFileType = sourcecode.swift; path = MMHomeNFTListView.swift; sourceTree = "<group>"; };
		829A0E6B28945EB9006220BF /* MMHomeTabModel.swift */ = {isa = PBXFileReference; lastKnownFileType = sourcecode.swift; path = MMHomeTabModel.swift; sourceTree = "<group>"; };
		829A0E6D28946BC0006220BF /* MMHomeTabEnvironment.swift */ = {isa = PBXFileReference; lastKnownFileType = sourcecode.swift; path = MMHomeTabEnvironment.swift; sourceTree = "<group>"; };
		829A0E702895026A006220BF /* MMTokenModel.swift */ = {isa = PBXFileReference; lastKnownFileType = sourcecode.swift; path = MMTokenModel.swift; sourceTree = "<group>"; };
		829A0E7228950271006220BF /* MMNFTModel.swift */ = {isa = PBXFileReference; lastKnownFileType = sourcecode.swift; path = MMNFTModel.swift; sourceTree = "<group>"; };
		829A0E74289502A8006220BF /* MMUserModel.swift */ = {isa = PBXFileReference; lastKnownFileType = sourcecode.swift; path = MMUserModel.swift; sourceTree = "<group>"; };
		829A0E7628950DE6006220BF /* MMTokenCell.swift */ = {isa = PBXFileReference; lastKnownFileType = sourcecode.swift; path = MMTokenCell.swift; sourceTree = "<group>"; };
		829A0E782895116D006220BF /* MMNFTCell.swift */ = {isa = PBXFileReference; lastKnownFileType = sourcecode.swift; path = MMNFTCell.swift; sourceTree = "<group>"; };
		829A0E7B28951416006220BF /* NFTMock.json */ = {isa = PBXFileReference; lastKnownFileType = text.json; path = NFTMock.json; sourceTree = "<group>"; };
		829A0E8D289527A0006220BF /* MMTokenDetailView.swift */ = {isa = PBXFileReference; lastKnownFileType = sourcecode.swift; path = MMTokenDetailView.swift; sourceTree = "<group>"; };
		829A0E8F28952F3B006220BF /* MMTokenDetailHeaderView.swift */ = {isa = PBXFileReference; lastKnownFileType = sourcecode.swift; path = MMTokenDetailHeaderView.swift; sourceTree = "<group>"; };
		829A0E912895311D006220BF /* MMScanView.swift */ = {isa = PBXFileReference; lastKnownFileType = sourcecode.swift; path = MMScanView.swift; sourceTree = "<group>"; };
		829A0E9328954148006220BF /* MMCameraPreview.swift */ = {isa = PBXFileReference; lastKnownFileType = sourcecode.swift; path = MMCameraPreview.swift; sourceTree = "<group>"; };
		829A0E952895588E006220BF /* MMTokenEnvironment.swift */ = {isa = PBXFileReference; lastKnownFileType = sourcecode.swift; path = MMTokenEnvironment.swift; sourceTree = "<group>"; };
		829A0E972895589A006220BF /* MMNFTEnvironment.swift */ = {isa = PBXFileReference; lastKnownFileType = sourcecode.swift; path = MMNFTEnvironment.swift; sourceTree = "<group>"; };
		829A0E9928956C6E006220BF /* MMSidecarView.swift */ = {isa = PBXFileReference; lastKnownFileType = sourcecode.swift; path = MMSidecarView.swift; sourceTree = "<group>"; };
		829A0E9B289595A2006220BF /* MMSidecarHeaderView.swift */ = {isa = PBXFileReference; lastKnownFileType = sourcecode.swift; path = MMSidecarHeaderView.swift; sourceTree = "<group>"; };
		829A0E9D28959899006220BF /* MMSidecarActionGroup.swift */ = {isa = PBXFileReference; lastKnownFileType = sourcecode.swift; path = MMSidecarActionGroup.swift; sourceTree = "<group>"; };
		829A0E9F289598B3006220BF /* MMSidecarNavigationList.swift */ = {isa = PBXFileReference; lastKnownFileType = sourcecode.swift; path = MMSidecarNavigationList.swift; sourceTree = "<group>"; };
		829A0EA52895AC0A006220BF /* UINavigationController+MetaMask.swift */ = {isa = PBXFileReference; lastKnownFileType = sourcecode.swift; path = "UINavigationController+MetaMask.swift"; sourceTree = "<group>"; };
		829A0EA7289621BE006220BF /* Info.plist */ = {isa = PBXFileReference; lastKnownFileType = text.plist; path = Info.plist; sourceTree = "<group>"; };
/* End PBXFileReference section */

/* Begin PBXFrameworksBuildPhase section */
		829A0E052893EF06006220BF /* Frameworks */ = {
			isa = PBXFrameworksBuildPhase;
			buildActionMask = 2147483647;
			files = (
			);
			runOnlyForDeploymentPostprocessing = 0;
		};
		829A0E152893EF0B006220BF /* Frameworks */ = {
			isa = PBXFrameworksBuildPhase;
			buildActionMask = 2147483647;
			files = (
			);
			runOnlyForDeploymentPostprocessing = 0;
		};
		829A0E1F2893EF0B006220BF /* Frameworks */ = {
			isa = PBXFrameworksBuildPhase;
			buildActionMask = 2147483647;
			files = (
			);
			runOnlyForDeploymentPostprocessing = 0;
		};
/* End PBXFrameworksBuildPhase section */

/* Begin PBXGroup section */
		829A0DFF2893EF06006220BF = {
			isa = PBXGroup;
			children = (
				829A0E0A2893EF06006220BF /* MetaMaskApp */,
				829A0E1B2893EF0B006220BF /* MetaMaskAppTests */,
				829A0E252893EF0B006220BF /* MetaMaskAppUITests */,
				829A0E092893EF06006220BF /* Products */,
			);
			sourceTree = "<group>";
		};
		829A0E092893EF06006220BF /* Products */ = {
			isa = PBXGroup;
			children = (
				829A0E082893EF06006220BF /* MetaMaskApp.app */,
				829A0E182893EF0B006220BF /* MetaMaskAppTests.xctest */,
				829A0E222893EF0B006220BF /* MetaMaskAppUITests.xctest */,
			);
			name = Products;
			sourceTree = "<group>";
		};
		829A0E0A2893EF06006220BF /* MetaMaskApp */ = {
			isa = PBXGroup;
			children = (
				829A0EA7289621BE006220BF /* Info.plist */,
				829A0E0B2893EF06006220BF /* MetaMaskMain.swift */,
				829A0E6F28950259006220BF /* Model */,
				829A0E362893F149006220BF /* Common */,
				829A0E352893F13C006220BF /* Module */,
				829A0E7A289513C6006220BF /* Resources */,
				829A0E112893EF0B006220BF /* Preview Content */,
			);
			path = MetaMaskApp;
			sourceTree = "<group>";
		};
		829A0E112893EF0B006220BF /* Preview Content */ = {
			isa = PBXGroup;
			children = (
				829A0E122893EF0B006220BF /* Preview Assets.xcassets */,
			);
			path = "Preview Content";
			sourceTree = "<group>";
		};
		829A0E1B2893EF0B006220BF /* MetaMaskAppTests */ = {
			isa = PBXGroup;
			children = (
				829A0E1C2893EF0B006220BF /* MetaMaskAppTests.swift */,
			);
			path = MetaMaskAppTests;
			sourceTree = "<group>";
		};
		829A0E252893EF0B006220BF /* MetaMaskAppUITests */ = {
			isa = PBXGroup;
			children = (
				829A0E262893EF0B006220BF /* MetaMaskAppUITests.swift */,
				829A0E282893EF0B006220BF /* MetaMaskAppUITestsLaunchTests.swift */,
			);
			path = MetaMaskAppUITests;
			sourceTree = "<group>";
		};
		829A0E352893F13C006220BF /* Module */ = {
			isa = PBXGroup;
			children = (
				829A0E4B2893F57E006220BF /* TokenAdd */,
				829A0E482893F55D006220BF /* TokenDetail */,
				829A0E452893F52C006220BF /* Scan */,
				829A0E422893F50D006220BF /* Sidecar */,
				829A0E3F2893F490006220BF /* Home */,
			);
			path = Module;
			sourceTree = "<group>";
		};
		829A0E362893F149006220BF /* Common */ = {
			isa = PBXGroup;
			children = (
				829A0E382893F239006220BF /* Util */,
				829A0E372893F22E006220BF /* Define */,
			);
			path = Common;
			sourceTree = "<group>";
		};
		829A0E372893F22E006220BF /* Define */ = {
			isa = PBXGroup;
			children = (
				829A0E392893F25B006220BF /* MMDefine.swift */,
			);
			path = Define;
			sourceTree = "<group>";
		};
		829A0E382893F239006220BF /* Util */ = {
			isa = PBXGroup;
			children = (
				829A0E532893F725006220BF /* MMTokenProvider.swift */,
				829A0E3D2893F36B006220BF /* MMNFTProvider.swift */,
				829A0E5928944383006220BF /* MMDataMockProvider.swift */,
				829A0E612894555F006220BF /* MMActionHelper.swift */,
				829A0EA52895AC0A006220BF /* UINavigationController+MetaMask.swift */,
			);
			path = Util;
			sourceTree = "<group>";
		};
		829A0E3F2893F490006220BF /* Home */ = {
			isa = PBXGroup;
			children = (
				829A0E412893F509006220BF /* View */,
				829A0E402893F4FE006220BF /* Model */,
			);
			path = Home;
			sourceTree = "<group>";
		};
		829A0E402893F4FE006220BF /* Model */ = {
			isa = PBXGroup;
			children = (
				829A0E5D28945373006220BF /* MMHomeAction.swift */,
				829A0E6B28945EB9006220BF /* MMHomeTabModel.swift */,
				829A0E6D28946BC0006220BF /* MMHomeTabEnvironment.swift */,
				829A0E952895588E006220BF /* MMTokenEnvironment.swift */,
				829A0E972895589A006220BF /* MMNFTEnvironment.swift */,
			);
			path = Model;
			sourceTree = "<group>";
		};
		829A0E412893F509006220BF /* View */ = {
			isa = PBXGroup;
			children = (
				829A0E512893F61B006220BF /* MMHomeView.swift */,
				829A0E55289415CB006220BF /* MMHomeHeaderView.swift */,
				829A0E5B28945244006220BF /* MMHomeTabContainerView.swift */,
				829A0E632894579F006220BF /* MMHomeTokenListView.swift */,
				829A0E65289457AB006220BF /* MMHomeNFTListView.swift */,
				829A0E7628950DE6006220BF /* MMTokenCell.swift */,
				829A0E782895116D006220BF /* MMNFTCell.swift */,
			);
			path = View;
			sourceTree = "<group>";
		};
		829A0E422893F50D006220BF /* Sidecar */ = {
			isa = PBXGroup;
			children = (
				829A0E442893F523006220BF /* View */,
				829A0E432893F51B006220BF /* Model */,
			);
			path = Sidecar;
			sourceTree = "<group>";
		};
		829A0E432893F51B006220BF /* Model */ = {
			isa = PBXGroup;
			children = (
			);
			path = Model;
			sourceTree = "<group>";
		};
		829A0E442893F523006220BF /* View */ = {
			isa = PBXGroup;
			children = (
				829A0E9928956C6E006220BF /* MMSidecarView.swift */,
				829A0E9B289595A2006220BF /* MMSidecarHeaderView.swift */,
				829A0E9D28959899006220BF /* MMSidecarActionGroup.swift */,
				829A0E9F289598B3006220BF /* MMSidecarNavigationList.swift */,
			);
			path = View;
			sourceTree = "<group>";
		};
		829A0E452893F52C006220BF /* Scan */ = {
			isa = PBXGroup;
			children = (
				829A0E472893F556006220BF /* View */,
				829A0E462893F552006220BF /* Model */,
			);
			path = Scan;
			sourceTree = "<group>";
		};
		829A0E462893F552006220BF /* Model */ = {
			isa = PBXGroup;
			children = (
			);
			path = Model;
			sourceTree = "<group>";
		};
		829A0E472893F556006220BF /* View */ = {
			isa = PBXGroup;
			children = (
				829A0E912895311D006220BF /* MMScanView.swift */,
				829A0E9328954148006220BF /* MMCameraPreview.swift */,
			);
			path = View;
			sourceTree = "<group>";
		};
		829A0E482893F55D006220BF /* TokenDetail */ = {
			isa = PBXGroup;
			children = (
				829A0E4A2893F570006220BF /* View */,
				829A0E492893F56C006220BF /* Model */,
			);
			path = TokenDetail;
			sourceTree = "<group>";
		};
		829A0E492893F56C006220BF /* Model */ = {
			isa = PBXGroup;
			children = (
			);
			path = Model;
			sourceTree = "<group>";
		};
		829A0E4A2893F570006220BF /* View */ = {
			isa = PBXGroup;
			children = (
				829A0E8D289527A0006220BF /* MMTokenDetailView.swift */,
				829A0E8F28952F3B006220BF /* MMTokenDetailHeaderView.swift */,
			);
			path = View;
			sourceTree = "<group>";
		};
		829A0E4B2893F57E006220BF /* TokenAdd */ = {
			isa = PBXGroup;
			children = (
				829A0E4D2893F588006220BF /* View */,
				829A0E4C2893F585006220BF /* Model */,
			);
			path = TokenAdd;
			sourceTree = "<group>";
		};
		829A0E4C2893F585006220BF /* Model */ = {
			isa = PBXGroup;
			children = (
			);
			path = Model;
			sourceTree = "<group>";
		};
		829A0E4D2893F588006220BF /* View */ = {
			isa = PBXGroup;
			children = (
			);
			path = View;
			sourceTree = "<group>";
		};
		829A0E6F28950259006220BF /* Model */ = {
			isa = PBXGroup;
			children = (
				829A0E702895026A006220BF /* MMTokenModel.swift */,
				829A0E7228950271006220BF /* MMNFTModel.swift */,
				829A0E74289502A8006220BF /* MMUserModel.swift */,
			);
			path = Model;
			sourceTree = "<group>";
		};
		829A0E7A289513C6006220BF /* Resources */ = {
			isa = PBXGroup;
			children = (
				829A0E0F2893EF0B006220BF /* Assets.xcassets */,
				829A0E7B28951416006220BF /* NFTMock.json */,
			);
			path = Resources;
			sourceTree = "<group>";
		};
/* End PBXGroup section */

/* Begin PBXNativeTarget section */
		829A0E072893EF06006220BF /* MetaMaskApp */ = {
			isa = PBXNativeTarget;
			buildConfigurationList = 829A0E2C2893EF0B006220BF /* Build configuration list for PBXNativeTarget "MetaMaskApp" */;
			buildPhases = (
				829A0E042893EF06006220BF /* Sources */,
				829A0E052893EF06006220BF /* Frameworks */,
				829A0E062893EF06006220BF /* Resources */,
			);
			buildRules = (
			);
			dependencies = (
			);
			name = MetaMaskApp;
			productName = MetaMaskApp;
			productReference = 829A0E082893EF06006220BF /* MetaMaskApp.app */;
			productType = "com.apple.product-type.application";
		};
		829A0E172893EF0B006220BF /* MetaMaskAppTests */ = {
			isa = PBXNativeTarget;
			buildConfigurationList = 829A0E2F2893EF0B006220BF /* Build configuration list for PBXNativeTarget "MetaMaskAppTests" */;
			buildPhases = (
				829A0E142893EF0B006220BF /* Sources */,
				829A0E152893EF0B006220BF /* Frameworks */,
				829A0E162893EF0B006220BF /* Resources */,
			);
			buildRules = (
			);
			dependencies = (
				829A0E1A2893EF0B006220BF /* PBXTargetDependency */,
			);
			name = MetaMaskAppTests;
			productName = MetaMaskAppTests;
			productReference = 829A0E182893EF0B006220BF /* MetaMaskAppTests.xctest */;
			productType = "com.apple.product-type.bundle.unit-test";
		};
		829A0E212893EF0B006220BF /* MetaMaskAppUITests */ = {
			isa = PBXNativeTarget;
			buildConfigurationList = 829A0E322893EF0B006220BF /* Build configuration list for PBXNativeTarget "MetaMaskAppUITests" */;
			buildPhases = (
				829A0E1E2893EF0B006220BF /* Sources */,
				829A0E1F2893EF0B006220BF /* Frameworks */,
				829A0E202893EF0B006220BF /* Resources */,
			);
			buildRules = (
			);
			dependencies = (
				829A0E242893EF0B006220BF /* PBXTargetDependency */,
			);
			name = MetaMaskAppUITests;
			productName = MetaMaskAppUITests;
			productReference = 829A0E222893EF0B006220BF /* MetaMaskAppUITests.xctest */;
			productType = "com.apple.product-type.bundle.ui-testing";
		};
/* End PBXNativeTarget section */

/* Begin PBXProject section */
		829A0E002893EF06006220BF /* Project object */ = {
			isa = PBXProject;
			attributes = {
				BuildIndependentTargetsInParallel = 1;
				LastSwiftUpdateCheck = 1340;
				LastUpgradeCheck = 1340;
				TargetAttributes = {
					829A0E072893EF06006220BF = {
						CreatedOnToolsVersion = 13.4.1;
					};
					829A0E172893EF0B006220BF = {
						CreatedOnToolsVersion = 13.4.1;
						TestTargetID = 829A0E072893EF06006220BF;
					};
					829A0E212893EF0B006220BF = {
						CreatedOnToolsVersion = 13.4.1;
						TestTargetID = 829A0E072893EF06006220BF;
					};
				};
			};
			buildConfigurationList = 829A0E032893EF06006220BF /* Build configuration list for PBXProject "MetaMaskApp" */;
			compatibilityVersion = "Xcode 13.0";
			developmentRegion = en;
			hasScannedForEncodings = 0;
			knownRegions = (
				en,
				Base,
			);
			mainGroup = 829A0DFF2893EF06006220BF;
			productRefGroup = 829A0E092893EF06006220BF /* Products */;
			projectDirPath = "";
			projectRoot = "";
			targets = (
				829A0E072893EF06006220BF /* MetaMaskApp */,
				829A0E172893EF0B006220BF /* MetaMaskAppTests */,
				829A0E212893EF0B006220BF /* MetaMaskAppUITests */,
			);
		};
/* End PBXProject section */

/* Begin PBXResourcesBuildPhase section */
		829A0E062893EF06006220BF /* Resources */ = {
			isa = PBXResourcesBuildPhase;
			buildActionMask = 2147483647;
			files = (
				829A0E132893EF0B006220BF /* Preview Assets.xcassets in Resources */,
				829A0E7C28951416006220BF /* NFTMock.json in Resources */,
				829A0E102893EF0B006220BF /* Assets.xcassets in Resources */,
			);
			runOnlyForDeploymentPostprocessing = 0;
		};
		829A0E162893EF0B006220BF /* Resources */ = {
			isa = PBXResourcesBuildPhase;
			buildActionMask = 2147483647;
			files = (
			);
			runOnlyForDeploymentPostprocessing = 0;
		};
		829A0E202893EF0B006220BF /* Resources */ = {
			isa = PBXResourcesBuildPhase;
			buildActionMask = 2147483647;
			files = (
			);
			runOnlyForDeploymentPostprocessing = 0;
		};
/* End PBXResourcesBuildPhase section */

/* Begin PBXSourcesBuildPhase section */
		829A0E042893EF06006220BF /* Sources */ = {
			isa = PBXSourcesBuildPhase;
			buildActionMask = 2147483647;
			files = (
				829A0E6E28946BC0006220BF /* MMHomeTabEnvironment.swift in Sources */,
				829A0EA0289598B3006220BF /* MMSidecarNavigationList.swift in Sources */,
				829A0E9E28959899006220BF /* MMSidecarActionGroup.swift in Sources */,
				829A0E5C28945244006220BF /* MMHomeTabContainerView.swift in Sources */,
				829A0E3E2893F36B006220BF /* MMNFTProvider.swift in Sources */,
				829A0E962895588E006220BF /* MMTokenEnvironment.swift in Sources */,
				829A0E922895311D006220BF /* MMScanView.swift in Sources */,
				829A0E56289415CB006220BF /* MMHomeHeaderView.swift in Sources */,
				829A0E9428954148006220BF /* MMCameraPreview.swift in Sources */,
				829A0E622894555F006220BF /* MMActionHelper.swift in Sources */,
				829A0E66289457AB006220BF /* MMHomeNFTListView.swift in Sources */,
				829A0E3A2893F25B006220BF /* MMDefine.swift in Sources */,
				829A0E8E289527A0006220BF /* MMTokenDetailView.swift in Sources */,
				829A0E542893F725006220BF /* MMTokenProvider.swift in Sources */,
				829A0EA62895AC0A006220BF /* UINavigationController+MetaMask.swift in Sources */,
				829A0E75289502A8006220BF /* MMUserModel.swift in Sources */,
				829A0E792895116D006220BF /* MMNFTCell.swift in Sources */,
				829A0E642894579F006220BF /* MMHomeTokenListView.swift in Sources */,
				829A0E5A28944383006220BF /* MMDataMockProvider.swift in Sources */,
				829A0E9C289595A2006220BF /* MMSidecarHeaderView.swift in Sources */,
				829A0E0C2893EF06006220BF /* MetaMaskMain.swift in Sources */,
				829A0E6C28945EB9006220BF /* MMHomeTabModel.swift in Sources */,
				829A0E712895026A006220BF /* MMTokenModel.swift in Sources */,
				829A0E9028952F3B006220BF /* MMTokenDetailHeaderView.swift in Sources */,
				829A0E5E28945373006220BF /* MMHomeAction.swift in Sources */,
				829A0E7328950271006220BF /* MMNFTModel.swift in Sources */,
				829A0E9A28956C6F006220BF /* MMSidecarView.swift in Sources */,
				829A0E522893F61B006220BF /* MMHomeView.swift in Sources */,
				829A0E7728950DE6006220BF /* MMTokenCell.swift in Sources */,
				829A0E982895589A006220BF /* MMNFTEnvironment.swift in Sources */,
			);
			runOnlyForDeploymentPostprocessing = 0;
		};
		829A0E142893EF0B006220BF /* Sources */ = {
			isa = PBXSourcesBuildPhase;
			buildActionMask = 2147483647;
			files = (
				829A0E1D2893EF0B006220BF /* MetaMaskAppTests.swift in Sources */,
			);
			runOnlyForDeploymentPostprocessing = 0;
		};
		829A0E1E2893EF0B006220BF /* Sources */ = {
			isa = PBXSourcesBuildPhase;
			buildActionMask = 2147483647;
			files = (
				829A0E272893EF0B006220BF /* MetaMaskAppUITests.swift in Sources */,
				829A0E292893EF0B006220BF /* MetaMaskAppUITestsLaunchTests.swift in Sources */,
			);
			runOnlyForDeploymentPostprocessing = 0;
		};
/* End PBXSourcesBuildPhase section */

/* Begin PBXTargetDependency section */
		829A0E1A2893EF0B006220BF /* PBXTargetDependency */ = {
			isa = PBXTargetDependency;
			target = 829A0E072893EF06006220BF /* MetaMaskApp */;
			targetProxy = 829A0E192893EF0B006220BF /* PBXContainerItemProxy */;
		};
		829A0E242893EF0B006220BF /* PBXTargetDependency */ = {
			isa = PBXTargetDependency;
			target = 829A0E072893EF06006220BF /* MetaMaskApp */;
			targetProxy = 829A0E232893EF0B006220BF /* PBXContainerItemProxy */;
		};
/* End PBXTargetDependency section */

/* Begin XCBuildConfiguration section */
		829A0E2A2893EF0B006220BF /* Debug */ = {
			isa = XCBuildConfiguration;
			buildSettings = {
				ALWAYS_SEARCH_USER_PATHS = NO;
				CLANG_ANALYZER_NONNULL = YES;
				CLANG_ANALYZER_NUMBER_OBJECT_CONVERSION = YES_AGGRESSIVE;
				CLANG_CXX_LANGUAGE_STANDARD = "gnu++17";
				CLANG_ENABLE_MODULES = YES;
				CLANG_ENABLE_OBJC_ARC = YES;
				CLANG_ENABLE_OBJC_WEAK = YES;
				CLANG_WARN_BLOCK_CAPTURE_AUTORELEASING = YES;
				CLANG_WARN_BOOL_CONVERSION = YES;
				CLANG_WARN_COMMA = YES;
				CLANG_WARN_CONSTANT_CONVERSION = YES;
				CLANG_WARN_DEPRECATED_OBJC_IMPLEMENTATIONS = YES;
				CLANG_WARN_DIRECT_OBJC_ISA_USAGE = YES_ERROR;
				CLANG_WARN_DOCUMENTATION_COMMENTS = YES;
				CLANG_WARN_EMPTY_BODY = YES;
				CLANG_WARN_ENUM_CONVERSION = YES;
				CLANG_WARN_INFINITE_RECURSION = YES;
				CLANG_WARN_INT_CONVERSION = YES;
				CLANG_WARN_NON_LITERAL_NULL_CONVERSION = YES;
				CLANG_WARN_OBJC_IMPLICIT_RETAIN_SELF = YES;
				CLANG_WARN_OBJC_LITERAL_CONVERSION = YES;
				CLANG_WARN_OBJC_ROOT_CLASS = YES_ERROR;
				CLANG_WARN_QUOTED_INCLUDE_IN_FRAMEWORK_HEADER = YES;
				CLANG_WARN_RANGE_LOOP_ANALYSIS = YES;
				CLANG_WARN_STRICT_PROTOTYPES = YES;
				CLANG_WARN_SUSPICIOUS_MOVE = YES;
				CLANG_WARN_UNGUARDED_AVAILABILITY = YES_AGGRESSIVE;
				CLANG_WARN_UNREACHABLE_CODE = YES;
				CLANG_WARN__DUPLICATE_METHOD_MATCH = YES;
				COPY_PHASE_STRIP = NO;
				DEBUG_INFORMATION_FORMAT = dwarf;
				ENABLE_STRICT_OBJC_MSGSEND = YES;
				ENABLE_TESTABILITY = YES;
				GCC_C_LANGUAGE_STANDARD = gnu11;
				GCC_DYNAMIC_NO_PIC = NO;
				GCC_NO_COMMON_BLOCKS = YES;
				GCC_OPTIMIZATION_LEVEL = 0;
				GCC_PREPROCESSOR_DEFINITIONS = (
					"DEBUG=1",
					"$(inherited)",
				);
				GCC_WARN_64_TO_32_BIT_CONVERSION = YES;
				GCC_WARN_ABOUT_RETURN_TYPE = YES_ERROR;
				GCC_WARN_UNDECLARED_SELECTOR = YES;
				GCC_WARN_UNINITIALIZED_AUTOS = YES_AGGRESSIVE;
				GCC_WARN_UNUSED_FUNCTION = YES;
				GCC_WARN_UNUSED_VARIABLE = YES;
				IPHONEOS_DEPLOYMENT_TARGET = 14.0;
				MTL_ENABLE_DEBUG_INFO = INCLUDE_SOURCE;
				MTL_FAST_MATH = YES;
				ONLY_ACTIVE_ARCH = YES;
				SDKROOT = iphoneos;
				SWIFT_ACTIVE_COMPILATION_CONDITIONS = DEBUG;
				SWIFT_OPTIMIZATION_LEVEL = "-Onone";
			};
			name = Debug;
		};
		829A0E2B2893EF0B006220BF /* Release */ = {
			isa = XCBuildConfiguration;
			buildSettings = {
				ALWAYS_SEARCH_USER_PATHS = NO;
				CLANG_ANALYZER_NONNULL = YES;
				CLANG_ANALYZER_NUMBER_OBJECT_CONVERSION = YES_AGGRESSIVE;
				CLANG_CXX_LANGUAGE_STANDARD = "gnu++17";
				CLANG_ENABLE_MODULES = YES;
				CLANG_ENABLE_OBJC_ARC = YES;
				CLANG_ENABLE_OBJC_WEAK = YES;
				CLANG_WARN_BLOCK_CAPTURE_AUTORELEASING = YES;
				CLANG_WARN_BOOL_CONVERSION = YES;
				CLANG_WARN_COMMA = YES;
				CLANG_WARN_CONSTANT_CONVERSION = YES;
				CLANG_WARN_DEPRECATED_OBJC_IMPLEMENTATIONS = YES;
				CLANG_WARN_DIRECT_OBJC_ISA_USAGE = YES_ERROR;
				CLANG_WARN_DOCUMENTATION_COMMENTS = YES;
				CLANG_WARN_EMPTY_BODY = YES;
				CLANG_WARN_ENUM_CONVERSION = YES;
				CLANG_WARN_INFINITE_RECURSION = YES;
				CLANG_WARN_INT_CONVERSION = YES;
				CLANG_WARN_NON_LITERAL_NULL_CONVERSION = YES;
				CLANG_WARN_OBJC_IMPLICIT_RETAIN_SELF = YES;
				CLANG_WARN_OBJC_LITERAL_CONVERSION = YES;
				CLANG_WARN_OBJC_ROOT_CLASS = YES_ERROR;
				CLANG_WARN_QUOTED_INCLUDE_IN_FRAMEWORK_HEADER = YES;
				CLANG_WARN_RANGE_LOOP_ANALYSIS = YES;
				CLANG_WARN_STRICT_PROTOTYPES = YES;
				CLANG_WARN_SUSPICIOUS_MOVE = YES;
				CLANG_WARN_UNGUARDED_AVAILABILITY = YES_AGGRESSIVE;
				CLANG_WARN_UNREACHABLE_CODE = YES;
				CLANG_WARN__DUPLICATE_METHOD_MATCH = YES;
				COPY_PHASE_STRIP = NO;
				DEBUG_INFORMATION_FORMAT = "dwarf-with-dsym";
				ENABLE_NS_ASSERTIONS = NO;
				ENABLE_STRICT_OBJC_MSGSEND = YES;
				GCC_C_LANGUAGE_STANDARD = gnu11;
				GCC_NO_COMMON_BLOCKS = YES;
				GCC_WARN_64_TO_32_BIT_CONVERSION = YES;
				GCC_WARN_ABOUT_RETURN_TYPE = YES_ERROR;
				GCC_WARN_UNDECLARED_SELECTOR = YES;
				GCC_WARN_UNINITIALIZED_AUTOS = YES_AGGRESSIVE;
				GCC_WARN_UNUSED_FUNCTION = YES;
				GCC_WARN_UNUSED_VARIABLE = YES;
				IPHONEOS_DEPLOYMENT_TARGET = 14.0;
				MTL_ENABLE_DEBUG_INFO = NO;
				MTL_FAST_MATH = YES;
				SDKROOT = iphoneos;
				SWIFT_COMPILATION_MODE = wholemodule;
				SWIFT_OPTIMIZATION_LEVEL = "-O";
				VALIDATE_PRODUCT = YES;
			};
			name = Release;
		};
		829A0E2D2893EF0B006220BF /* Debug */ = {
			isa = XCBuildConfiguration;
			buildSettings = {
				ASSETCATALOG_COMPILER_APPICON_NAME = AppIcon;
				ASSETCATALOG_COMPILER_GLOBAL_ACCENT_COLOR_NAME = AccentColor;
				CODE_SIGN_STYLE = Automatic;
				CURRENT_PROJECT_VERSION = 1;
				DEVELOPMENT_ASSET_PATHS = "\"MetaMaskApp/Preview Content\"";
				DEVELOPMENT_TEAM = 5LXH69K3C4;
				ENABLE_PREVIEWS = YES;
				GENERATE_INFOPLIST_FILE = YES;
				INFOPLIST_FILE = MetaMaskApp/Info.plist;
				INFOPLIST_KEY_NSCameraUsageDescription = "Using camera just for demo.";
				INFOPLIST_KEY_UIApplicationSceneManifest_Generation = YES;
				INFOPLIST_KEY_UIApplicationSupportsIndirectInputEvents = YES;
				INFOPLIST_KEY_UILaunchScreen_Generation = YES;
				INFOPLIST_KEY_UISupportedInterfaceOrientations_iPad = "UIInterfaceOrientationPortrait UIInterfaceOrientationPortraitUpsideDown UIInterfaceOrientationLandscapeLeft UIInterfaceOrientationLandscapeRight";
				INFOPLIST_KEY_UISupportedInterfaceOrientations_iPhone = "UIInterfaceOrientationPortrait UIInterfaceOrientationLandscapeLeft UIInterfaceOrientationLandscapeRight";
				IPHONEOS_DEPLOYMENT_TARGET = 14.0;
				LD_RUNPATH_SEARCH_PATHS = (
					"$(inherited)",
					"@executable_path/Frameworks",
				);
				MARKETING_VERSION = 1.0;
				PRODUCT_BUNDLE_IDENTIFIER = com.tqtan.metamask.MetaMaskApp;
				PRODUCT_NAME = "$(TARGET_NAME)";
				SWIFT_EMIT_LOC_STRINGS = YES;
				SWIFT_VERSION = 5.0;
				TARGETED_DEVICE_FAMILY = "1,2";
			};
			name = Debug;
		};
		829A0E2E2893EF0B006220BF /* Release */ = {
			isa = XCBuildConfiguration;
			buildSettings = {
				ASSETCATALOG_COMPILER_APPICON_NAME = AppIcon;
				ASSETCATALOG_COMPILER_GLOBAL_ACCENT_COLOR_NAME = AccentColor;
				CODE_SIGN_STYLE = Automatic;
				CURRENT_PROJECT_VERSION = 1;
				DEVELOPMENT_ASSET_PATHS = "\"MetaMaskApp/Preview Content\"";
				DEVELOPMENT_TEAM = 5LXH69K3C4;
				ENABLE_PREVIEWS = YES;
				GENERATE_INFOPLIST_FILE = YES;
				INFOPLIST_FILE = MetaMaskApp/Info.plist;
				INFOPLIST_KEY_NSCameraUsageDescription = "Using camera just for demo.";
				INFOPLIST_KEY_UIApplicationSceneManifest_Generation = YES;
				INFOPLIST_KEY_UIApplicationSupportsIndirectInputEvents = YES;
				INFOPLIST_KEY_UILaunchScreen_Generation = YES;
				INFOPLIST_KEY_UISupportedInterfaceOrientations_iPad = "UIInterfaceOrientationPortrait UIInterfaceOrientationPortraitUpsideDown UIInterfaceOrientationLandscapeLeft UIInterfaceOrientationLandscapeRight";
				INFOPLIST_KEY_UISupportedInterfaceOrientations_iPhone = "UIInterfaceOrientationPortrait UIInterfaceOrientationLandscapeLeft UIInterfaceOrientationLandscapeRight";
				IPHONEOS_DEPLOYMENT_TARGET = 14.0;
				LD_RUNPATH_SEARCH_PATHS = (
					"$(inherited)",
					"@executable_path/Frameworks",
				);
				MARKETING_VERSION = 1.0;
				PRODUCT_BUNDLE_IDENTIFIER = com.tqtan.metamask.MetaMaskApp;
				PRODUCT_NAME = "$(TARGET_NAME)";
				SWIFT_EMIT_LOC_STRINGS = YES;
				SWIFT_VERSION = 5.0;
				TARGETED_DEVICE_FAMILY = "1,2";
			};
			name = Release;
		};
		829A0E302893EF0B006220BF /* Debug */ = {
			isa = XCBuildConfiguration;
			buildSettings = {
				ALWAYS_EMBED_SWIFT_STANDARD_LIBRARIES = YES;
				BUNDLE_LOADER = "$(TEST_HOST)";
				CODE_SIGN_STYLE = Automatic;
				CURRENT_PROJECT_VERSION = 1;
				GENERATE_INFOPLIST_FILE = YES;
				IPHONEOS_DEPLOYMENT_TARGET = 15.5;
				MARKETING_VERSION = 1.0;
				PRODUCT_BUNDLE_IDENTIFIER = com.tq.metamask.MetaMaskAppTests;
				PRODUCT_NAME = "$(TARGET_NAME)";
				SWIFT_EMIT_LOC_STRINGS = NO;
				SWIFT_VERSION = 5.0;
				TARGETED_DEVICE_FAMILY = "1,2";
				TEST_HOST = "$(BUILT_PRODUCTS_DIR)/MetaMaskApp.app/MetaMaskApp";
			};
			name = Debug;
		};
		829A0E312893EF0B006220BF /* Release */ = {
			isa = XCBuildConfiguration;
			buildSettings = {
				ALWAYS_EMBED_SWIFT_STANDARD_LIBRARIES = YES;
				BUNDLE_LOADER = "$(TEST_HOST)";
				CODE_SIGN_STYLE = Automatic;
				CURRENT_PROJECT_VERSION = 1;
				GENERATE_INFOPLIST_FILE = YES;
				IPHONEOS_DEPLOYMENT_TARGET = 15.5;
				MARKETING_VERSION = 1.0;
				PRODUCT_BUNDLE_IDENTIFIER = com.tq.metamask.MetaMaskAppTests;
				PRODUCT_NAME = "$(TARGET_NAME)";
				SWIFT_EMIT_LOC_STRINGS = NO;
				SWIFT_VERSION = 5.0;
				TARGETED_DEVICE_FAMILY = "1,2";
				TEST_HOST = "$(BUILT_PRODUCTS_DIR)/MetaMaskApp.app/MetaMaskApp";
			};
			name = Release;
		};
		829A0E332893EF0B006220BF /* Debug */ = {
			isa = XCBuildConfiguration;
			buildSettings = {
				ALWAYS_EMBED_SWIFT_STANDARD_LIBRARIES = YES;
				CODE_SIGN_STYLE = Automatic;
				CURRENT_PROJECT_VERSION = 1;
				GENERATE_INFOPLIST_FILE = YES;
				MARKETING_VERSION = 1.0;
				PRODUCT_BUNDLE_IDENTIFIER = com.tq.metamask.MetaMaskAppUITests;
				PRODUCT_NAME = "$(TARGET_NAME)";
				SWIFT_EMIT_LOC_STRINGS = NO;
				SWIFT_VERSION = 5.0;
				TARGETED_DEVICE_FAMILY = "1,2";
				TEST_TARGET_NAME = MetaMaskApp;
			};
			name = Debug;
		};
		829A0E342893EF0B006220BF /* Release */ = {
			isa = XCBuildConfiguration;
			buildSettings = {
				ALWAYS_EMBED_SWIFT_STANDARD_LIBRARIES = YES;
				CODE_SIGN_STYLE = Automatic;
				CURRENT_PROJECT_VERSION = 1;
				GENERATE_INFOPLIST_FILE = YES;
				MARKETING_VERSION = 1.0;
				PRODUCT_BUNDLE_IDENTIFIER = com.tq.metamask.MetaMaskAppUITests;
				PRODUCT_NAME = "$(TARGET_NAME)";
				SWIFT_EMIT_LOC_STRINGS = NO;
				SWIFT_VERSION = 5.0;
				TARGETED_DEVICE_FAMILY = "1,2";
				TEST_TARGET_NAME = MetaMaskApp;
			};
			name = Release;
		};
/* End XCBuildConfiguration section */

/* Begin XCConfigurationList section */
		829A0E032893EF06006220BF /* Build configuration list for PBXProject "MetaMaskApp" */ = {
			isa = XCConfigurationList;
			buildConfigurations = (
				829A0E2A2893EF0B006220BF /* Debug */,
				829A0E2B2893EF0B006220BF /* Release */,
			);
			defaultConfigurationIsVisible = 0;
			defaultConfigurationName = Release;
		};
		829A0E2C2893EF0B006220BF /* Build configuration list for PBXNativeTarget "MetaMaskApp" */ = {
			isa = XCConfigurationList;
			buildConfigurations = (
				829A0E2D2893EF0B006220BF /* Debug */,
				829A0E2E2893EF0B006220BF /* Release */,
			);
			defaultConfigurationIsVisible = 0;
			defaultConfigurationName = Release;
		};
		829A0E2F2893EF0B006220BF /* Build configuration list for PBXNativeTarget "MetaMaskAppTests" */ = {
			isa = XCConfigurationList;
			buildConfigurations = (
				829A0E302893EF0B006220BF /* Debug */,
				829A0E312893EF0B006220BF /* Release */,
			);
			defaultConfigurationIsVisible = 0;
			defaultConfigurationName = Release;
		};
		829A0E322893EF0B006220BF /* Build configuration list for PBXNativeTarget "MetaMaskAppUITests" */ = {
			isa = XCConfigurationList;
			buildConfigurations = (
				829A0E332893EF0B006220BF /* Debug */,
				829A0E342893EF0B006220BF /* Release */,
			);
			defaultConfigurationIsVisible = 0;
			defaultConfigurationName = Release;
		};
/* End XCConfigurationList section */
	};
	rootObject = 829A0E002893EF06006220BF /* Project object */;
}
